
Microsoft Visual Studio Solution File, Format Version 12.00
# Visual Studio Version 16
VisualStudioVersion = 16.0.30114.105
MinimumVisualStudioVersion = 10.0.40219.1
Project("{F184B08F-C81C-45F6-A57F-5ABD9991F28F}") = "Timtim Tour Tracking App", "Timtim Tour Tracking App\Timtim Tour Tracking App.vbproj", "{5E804F73-DC9C-480B-9E8E-FDC2ECB124E9}"
EndProject
Global
	GlobalSection(SolutionConfigurationPlatforms) = preSolution
		Debug|Any CPU = Debug|Any CPU
		Release|Any CPU = Release|Any CPU
	EndGlobalSection
	GlobalSection(ProjectConfigurationPlatforms) = postSolution
		{5E804F73-DC9C-480B-9E8E-FDC2ECB124E9}.Debug|Any CPU.ActiveCfg = Debug|Any CPU
		{5E804F73-DC9C-480B-9E8E-FDC2ECB124E9}.Debug|Any CPU.Build.0 = Debug|Any CPU
		{5E804F73-DC9C-480B-9E8E-FDC2ECB124E9}.Release|Any CPU.ActiveCfg = Release|Any CPU
		{5E804F73-DC9C-480B-9E8E-FDC2ECB124E9}.Release|Any CPU.Build.0 = Release|Any CPU
	EndGlobalSection
	GlobalSection(SolutionProperties) = preSolution
		HideSolutionNode = FALSE
	EndGlobalSection
	GlobalSection(ExtensibilityGlobals) = postSolution
		SolutionGuid = {C77AAEB4-B223-4025-A3A4-985F399C0A71}
	EndGlobalSection
EndGlobal
